<?xml version="1.0" encoding="utf-8"?>
<Project ToolsVersion="4.0" xmlns="http://schemas.microsoft.com/developer/msbuild/2003">
  <ItemGroup>
    <Filter Include="Quelldateien">
      <UniqueIdentifier>{4FC737F1-C7A5-4376-A066-2A32D752A2FF}</UniqueIdentifier>
      <Extensions>cpp;c;cc;cxx;def;odl;idl;hpj;bat;asm;asmx</Extensions>
    </Filter>
    <Filter Include="Headerdateien">
      <UniqueIdentifier>{93995380-89BD-4b04-88EB-625FBE52EBFB}</UniqueIdentifier>
      <Extensions>h;hpp;hxx;hm;inl;inc;xsd</Extensions>
    </Filter>
    <Filter Include="Ressourcendateien">
      <UniqueIdentifier>{67DA6AB6-F800-4c08-8B7A-83BB121AAD01}</UniqueIdentifier>
      <Extensions>rc;ico;cur;bmp;dlg;rc2;rct;bin;rgs;gif;jpg;jpeg;jpe;resx;tiff;tif;png;wav;mfcribbon-ms</Extensions>
    </Filter>
    <Filter Include="Misc">
      <UniqueIdentifier>{45603411-a862-43d3-9b77-bcbf8d703f37}</UniqueIdentifier>
    </Filter>
  </ItemGroup>
  <ItemGroup>
    <ClCompile Include="main.cpp">
      <Filter>Quelldateien</Filter>
    </ClCompile>
    <ClCompile Include="Misc\engine.cpp">
      <Filter>Misc</Filter>
    </ClCompile>
    <ClCompile Include="Misc\parsemsg.cpp">
      <Filter>Misc</Filter>
    </ClCompile>
    <ClCompile Include="Misc\splice.cpp">
      <Filter>Misc</Filter>
    </ClCompile>
    <ClCompile Include="Misc\utils.cpp">
      <Filter>Misc</Filter>
    </ClCompile>
    <ClCompile Include="gamehooking.cpp">
      <Filter>Quelldateien</Filter>
    </ClCompile>
    <ClCompile Include="handlers.cpp">
      <Filter>Quelldateien</Filter>
    </ClCompile>
    <ClCompile Include="install.cpp">
      <Filter>Quelldateien</Filter>
    </ClCompile>
    <ClCompile Include="opengl.cpp">
      <Filter>Quelldateien</Filter>
    </ClCompile>
    <ClCompile Include="players.cpp">
      <Filter>Quelldateien</Filter>
    </ClCompile>
    <ClCompile Include="NoRecoil.cpp">
      <Filter>Quelldateien</Filter>
    </ClCompile>
    <ClCompile Include="NoSpread.cpp">
      <Filter>Quelldateien</Filter>
    </ClCompile>
    <ClCompile Include="weaponlist.cpp">
      <Filter>Quelldateien</Filter>
    </ClCompile>
    <ClCompile Include="playeritems.cpp">
      <Filter>Quelldateien</Filter>
    </ClCompile>
    <ClCompile Include="stringfinder.cpp">
      <Filter>Quelldateien</Filter>
    </ClCompile>
    <ClCompile Include="ModuleSecurity.cpp">
      <Filter>Quelldateien</Filter>
    </ClCompile>
    <ClCompile Include="Aimbot.cpp">
      <Filter>Quelldateien</Filter>
    </ClCompile>
    <ClCompile Include="perfectwall.cpp">
      <Filter>Quelldateien</Filter>
    </ClCompile>
    <ClCompile Include="textures.cpp">
      <Filter>Quelldateien</Filter>
    </ClCompile>
    <ClCompile Include="eventhook.cpp">
      <Filter>Quelldateien</Filter>
    </ClCompile>
  </ItemGroup>
  <ItemGroup>
    <ClInclude Include="Misc\engine.h">
      <Filter>Misc</Filter>
    </ClInclude>
    <ClInclude Include="Misc\opcodes.h">
      <Filter>Misc</Filter>
    </ClInclude>
    <ClInclude Include="Misc\parsemsg.h">
      <Filter>Misc</Filter>
    </ClInclude>
    <ClInclude Include="Misc\splice.h">
      <Filter>Misc</Filter>
    </ClInclude>
    <ClInclude Include="Misc\utils.h">
      <Filter>Misc</Filter>
    </ClInclude>
    <ClInclude Include="gamehooking.h">
      <Filter>Headerdateien</Filter>
    </ClInclude>
    <ClInclude Include="install.h">
      <Filter>Headerdateien</Filter>
    </ClInclude>
    <ClInclude Include="opengl.h">
      <Filter>Headerdateien</Filter>
    </ClInclude>
    <ClInclude Include="players.h">
      <Filter>Headerdateien</Filter>
    </ClInclude>
    <ClInclude Include="detours.h">
      <Filter>Headerdateien</Filter>
    </ClInclude>
    <ClInclude Include="cvars.h">
      <Filter>Headerdateien</Filter>
    </ClInclude>
    <ClInclude Include="menu.h">
      <Filter>Headerdateien</Filter>
    </ClInclude>
    <ClInclude Include="NoRecoil.h">
      <Filter>Headerdateien</Filter>
    </ClInclude>
    <ClInclude Include="NoSpread.h">
      <Filter>Headerdateien</Filter>
    </ClInclude>
    <ClInclude Include="weaponlist.h">
      <Filter>Headerdateien</Filter>
    </ClInclude>
    <ClInclude Include="playeritems.h">
      <Filter>Headerdateien</Filter>
    </ClInclude>
    <ClInclude Include="stringfinder.h">
      <Filter>Headerdateien</Filter>
    </ClInclude>
    <ClInclude Include="ModuleSecurity.h">
      <Filter>Headerdateien</Filter>
    </ClInclude>
    <ClInclude Include="Aimbot.h">
      <Filter>Headerdateien</Filter>
    </ClInclude>
    <ClInclude Include="perfectwall.h">
      <Filter>Headerdateien</Filter>
    </ClInclude>
    <ClInclude Include="textures.h">
      <Filter>Headerdateien</Filter>
    </ClInclude>
    <ClInclude Include="eventhook.h">
      <Filter>Headerdateien</Filter>
    </ClInclude>
  </ItemGroup>
</Project>